
Microsoft Visual Studio Solution File, Format Version 12.00
# Visual Studio 15
VisualStudioVersion = 15.0.27004.2005
MinimumVisualStudioVersion = 10.0.40219.1
Project("{FAE04EC0-301F-11D3-BF4B-00C04F79EFBC}") = "InvoiceManagement", "InvoiceManagement\InvoiceManagement.csproj", "{87CC46B0-0630-4723-98F4-22E186D9713C}"
EndProject
Global
	GlobalSection(SolutionConfigurationPlatforms) = preSolution
		Debug|Any CPU = Debug|Any CPU
		Release|Any CPU = Release|Any CPU
	EndGlobalSection
	GlobalSection(ProjectConfigurationPlatforms) = postSolution
		{87CC46B0-0630-4723-98F4-22E186D9713C}.Debug|Any CPU.ActiveCfg = Debug|Any CPU
		{87CC46B0-0630-4723-98F4-22E186D9713C}.Debug|Any CPU.Build.0 = Debug|Any CPU
		{87CC46B0-0630-4723-98F4-22E186D9713C}.Release|Any CPU.ActiveCfg = Release|Any CPU
		{87CC46B0-0630-4723-98F4-22E186D9713C}.Release|Any CPU.Build.0 = Release|Any CPU
	EndGlobalSection
	GlobalSection(SolutionProperties) = preSolution
		HideSolutionNode = FALSE
	EndGlobalSection
	GlobalSection(ExtensibilityGlobals) = postSolution
		SolutionGuid = {28A886F9-03C1-43B7-A539-58D5BC281F0E}
	EndGlobalSection
EndGlobal
